// !$*UTF8*$!
{
	archiveVersion = 1;
	classes = {
	};
	objectVersion = 50;
	objects = {

/* Begin PBXBuildFile section */
		705B3B372123F9F0004DDE89 /* AppDelegate.swift in Sources */ = {isa = PBXBuildFile; fileRef = 705B3B362123F9F0004DDE89 /* AppDelegate.swift */; };
		705B3B392123F9F0004DDE89 /* ViewController.swift in Sources */ = {isa = PBXBuildFile; fileRef = 705B3B382123F9F0004DDE89 /* ViewController.swift */; };
		705B3B3C2123F9F0004DDE89 /* Main.storyboard in Resources */ = {isa = PBXBuildFile; fileRef = 705B3B3A2123F9F0004DDE89 /* Main.storyboard */; };
		705B3B3E2123F9F2004DDE89 /* Assets.xcassets in Resources */ = {isa = PBXBuildFile; fileRef = 705B3B3D2123F9F2004DDE89 /* Assets.xcassets */; };
		705B3B412123F9F2004DDE89 /* LaunchScreen.storyboard in Resources */ = {isa = PBXBuildFile; fileRef = 705B3B3F2123F9F2004DDE89 /* LaunchScreen.storyboard */; };
		705B3B5521241BB3004DDE89 /* signpass in Resources */ = {isa = PBXBuildFile; fileRef = 705B3B4921241BB3004DDE89 /* signpass */; };
		705B3B5621241BB3004DDE89 /* icon.png in Resources */ = {isa = PBXBuildFile; fileRef = 705B3B4B21241BB3004DDE89 /* icon.png */; };
		705B3B5721241BB3004DDE89 /* thumbnail@2x.png in Resources */ = {isa = PBXBuildFile; fileRef = 705B3B4C21241BB3004DDE89 /* thumbnail@2x.png */; };
		705B3B5821241BB3004DDE89 /* background.png in Resources */ = {isa = PBXBuildFile; fileRef = 705B3B4D21241BB3004DDE89 /* background.png */; };
		705B3B5921241BB3004DDE89 /* icon@2x.png in Resources */ = {isa = PBXBuildFile; fileRef = 705B3B4E21241BB3004DDE89 /* icon@2x.png */; };
		705B3B5A21241BB3004DDE89 /* logo.png in Resources */ = {isa = PBXBuildFile; fileRef = 705B3B4F21241BB3004DDE89 /* logo.png */; };
		705B3B5B21241BB3004DDE89 /* pass.json in Resources */ = {isa = PBXBuildFile; fileRef = 705B3B5021241BB3004DDE89 /* pass.json */; };
		705B3B5C21241BB3004DDE89 /* logo@2x.png in Resources */ = {isa = PBXBuildFile; fileRef = 705B3B5121241BB3004DDE89 /* logo@2x.png */; };
		705B3B5D21241BB3004DDE89 /* thumbnail.png in Resources */ = {isa = PBXBuildFile; fileRef = 705B3B5221241BB3004DDE89 /* thumbnail.png */; };
		705B3B5E21241BB3004DDE89 /* background@2x.png in Resources */ = {isa = PBXBuildFile; fileRef = 705B3B5321241BB3004DDE89 /* background@2x.png */; };
		705B3B5F21241BB3004DDE89 /* Lollipop.pkpass in Resources */ = {isa = PBXBuildFile; fileRef = 705B3B5421241BB3004DDE89 /* Lollipop.pkpass */; };
/* End PBXBuildFile section */

/* Begin PBXFileReference section */
		705B3B332123F9F0004DDE89 /* SwiftTest.app */ = {isa = PBXFileReference; explicitFileType = wrapper.application; includeInIndex = 0; path = SwiftTest.app; sourceTree = BUILT_PRODUCTS_DIR; };
		705B3B362123F9F0004DDE89 /* AppDelegate.swift */ = {isa = PBXFileReference; lastKnownFileType = sourcecode.swift; path = AppDelegate.swift; sourceTree = "<group>"; };
		705B3B382123F9F0004DDE89 /* ViewController.swift */ = {isa = PBXFileReference; lastKnownFileType = sourcecode.swift; path = ViewController.swift; sourceTree = "<group>"; };
		705B3B3B2123F9F0004DDE89 /* Base */ = {isa = PBXFileReference; lastKnownFileType = file.storyboard; name = Base; path = Base.lproj/Main.storyboard; sourceTree = "<group>"; };
		705B3B3D2123F9F2004DDE89 /* Assets.xcassets */ = {isa = PBXFileReference; lastKnownFileType = folder.assetcatalog; path = Assets.xcassets; sourceTree = "<group>"; };
		705B3B402123F9F2004DDE89 /* Base */ = {isa = PBXFileReference; lastKnownFileType = file.storyboard; name = Base; path = Base.lproj/LaunchScreen.storyboard; sourceTree = "<group>"; };
		705B3B422123F9F2004DDE89 /* Info.plist */ = {isa = PBXFileReference; lastKnownFileType = text.plist.xml; path = Info.plist; sourceTree = "<group>"; };
		705B3B4921241BB3004DDE89 /* signpass */ = {isa = PBXFileReference; lastKnownFileType = "compiled.mach-o.executable"; path = signpass; sourceTree = "<group>"; };
		705B3B4B21241BB3004DDE89 /* icon.png */ = {isa = PBXFileReference; lastKnownFileType = image.png; path = icon.png; sourceTree = "<group>"; };
		705B3B4C21241BB3004DDE89 /* thumbnail@2x.png */ = {isa = PBXFileReference; lastKnownFileType = image.png; path = "thumbnail@2x.png"; sourceTree = "<group>"; };
		705B3B4D21241BB3004DDE89 /* background.png */ = {isa = PBXFileReference; lastKnownFileType = image.png; path = background.png; sourceTree = "<group>"; };
		705B3B4E21241BB3004DDE89 /* icon@2x.png */ = {isa = PBXFileReference; lastKnownFileType = image.png; path = "icon@2x.png"; sourceTree = "<group>"; };
		705B3B4F21241BB3004DDE89 /* logo.png */ = {isa = PBXFileReference; lastKnownFileType = image.png; path = logo.png; sourceTree = "<group>"; };
		705B3B5021241BB3004DDE89 /* pass.json */ = {isa = PBXFileReference; fileEncoding = 4; lastKnownFileType = text.json; path = pass.json; sourceTree = "<group>"; };
		705B3B5121241BB3004DDE89 /* logo@2x.png */ = {isa = PBXFileReference; lastKnownFileType = image.png; path = "logo@2x.png"; sourceTree = "<group>"; };
		705B3B5221241BB3004DDE89 /* thumbnail.png */ = {isa = PBXFileReference; lastKnownFileType = image.png; path = thumbnail.png; sourceTree = "<group>"; };
		705B3B5321241BB3004DDE89 /* background@2x.png */ = {isa = PBXFileReference; lastKnownFileType = image.png; path = "background@2x.png"; sourceTree = "<group>"; };
		705B3B5421241BB3004DDE89 /* Lollipop.pkpass */ = {isa = PBXFileReference; lastKnownFileType = file; path = Lollipop.pkpass; sourceTree = "<group>"; };
/* End PBXFileReference section */

/* Begin PBXFrameworksBuildPhase section */
		705B3B302123F9F0004DDE89 /* Frameworks */ = {
			isa = PBXFrameworksBuildPhase;
			buildActionMask = 2147483647;
			files = (
			);
			runOnlyForDeploymentPostprocessing = 0;
		};
/* End PBXFrameworksBuildPhase section */

/* Begin PBXGroup section */
		705B3B2A2123F9F0004DDE89 = {
			isa = PBXGroup;
			children = (
				705B3B352123F9F0004DDE89 /* SwiftTest */,
				705B3B342123F9F0004DDE89 /* Products */,
			);
			sourceTree = "<group>";
		};
		705B3B342123F9F0004DDE89 /* Products */ = {
			isa = PBXGroup;
			children = (
				705B3B332123F9F0004DDE89 /* SwiftTest.app */,
			);
			name = Products;
			sourceTree = "<group>";
		};
		705B3B352123F9F0004DDE89 /* SwiftTest */ = {
			isa = PBXGroup;
			children = (
				705B3B4821241BB3004DDE89 /* Source */,
				705B3B362123F9F0004DDE89 /* AppDelegate.swift */,
				705B3B382123F9F0004DDE89 /* ViewController.swift */,
				705B3B3A2123F9F0004DDE89 /* Main.storyboard */,
				705B3B3D2123F9F2004DDE89 /* Assets.xcassets */,
				705B3B3F2123F9F2004DDE89 /* LaunchScreen.storyboard */,
				705B3B422123F9F2004DDE89 /* Info.plist */,
			);
			path = SwiftTest;
			sourceTree = "<group>";
		};
		705B3B4821241BB3004DDE89 /* Source */ = {
			isa = PBXGroup;
			children = (
				705B3B4921241BB3004DDE89 /* signpass */,
				705B3B4A21241BB3004DDE89 /* Lollipop.pass */,
				705B3B5421241BB3004DDE89 /* Lollipop.pkpass */,
			);
			path = Source;
			sourceTree = "<group>";
		};
		705B3B4A21241BB3004DDE89 /* Lollipop.pass */ = {
			isa = PBXGroup;
			children = (
				705B3B4B21241BB3004DDE89 /* icon.png */,
				705B3B4C21241BB3004DDE89 /* thumbnail@2x.png */,
				705B3B4D21241BB3004DDE89 /* background.png */,
				705B3B4E21241BB3004DDE89 /* icon@2x.png */,
				705B3B4F21241BB3004DDE89 /* logo.png */,
				705B3B5021241BB3004DDE89 /* pass.json */,
				705B3B5121241BB3004DDE89 /* logo@2x.png */,
				705B3B5221241BB3004DDE89 /* thumbnail.png */,
				705B3B5321241BB3004DDE89 /* background@2x.png */,
			);
			path = Lollipop.pass;
			sourceTree = "<group>";
		};
/* End PBXGroup section */

/* Begin PBXNativeTarget section */
		705B3B322123F9F0004DDE89 /* SwiftTest */ = {
			isa = PBXNativeTarget;
			buildConfigurationList = 705B3B452123F9F2004DDE89 /* Build configuration list for PBXNativeTarget "SwiftTest" */;
			buildPhases = (
				705B3B2F2123F9F0004DDE89 /* Sources */,
				705B3B302123F9F0004DDE89 /* Frameworks */,
				705B3B312123F9F0004DDE89 /* Resources */,
			);
			buildRules = (
			);
			dependencies = (
			);
			name = SwiftTest;
			productName = SwiftTest;
			productReference = 705B3B332123F9F0004DDE89 /* SwiftTest.app */;
			productType = "com.apple.product-type.application";
		};
/* End PBXNativeTarget section */

/* Begin PBXProject section */
		705B3B2B2123F9F0004DDE89 /* Project object */ = {
			isa = PBXProject;
			attributes = {
				LastSwiftUpdateCheck = 0930;
				LastUpgradeCheck = 0930;
				ORGANIZATIONNAME = "崔林豪";
				TargetAttributes = {
					705B3B322123F9F0004DDE89 = {
						CreatedOnToolsVersion = 9.3.1;
					};
				};
			};
			buildConfigurationList = 705B3B2E2123F9F0004DDE89 /* Build configuration list for PBXProject "SwiftTest" */;
			compatibilityVersion = "Xcode 9.3";
			developmentRegion = en;
			hasScannedForEncodings = 0;
			knownRegions = (
				en,
				Base,
			);
			mainGroup = 705B3B2A2123F9F0004DDE89;
			productRefGroup = 705B3B342123F9F0004DDE89 /* Products */;
			projectDirPath = "";
			projectRoot = "";
			targets = (
				705B3B322123F9F0004DDE89 /* SwiftTest */,
			);
		};
/* End PBXProject section */

/* Begin PBXResourcesBuildPhase section */
		705B3B312123F9F0004DDE89 /* Resources */ = {
			isa = PBXResourcesBuildPhase;
			buildActionMask = 2147483647;
			files = (
				705B3B5B21241BB3004DDE89 /* pass.json in Resources */,
				705B3B5C21241BB3004DDE89 /* logo@2x.png in Resources */,
				705B3B5F21241BB3004DDE89 /* Lollipop.pkpass in Resources */,
				705B3B5521241BB3004DDE89 /* signpass in Resources */,
				705B3B5921241BB3004DDE89 /* icon@2x.png in Resources */,
				705B3B5A21241BB3004DDE89 /* logo.png in Resources */,
				705B3B5621241BB3004DDE89 /* icon.png in Resources */,
				705B3B5E21241BB3004DDE89 /* background@2x.png in Resources */,
				705B3B5821241BB3004DDE89 /* background.png in Resources */,
				705B3B412123F9F2004DDE89 /* LaunchScreen.storyboard in Resources */,
				705B3B5D21241BB3004DDE89 /* thumbnail.png in Resources */,
				705B3B3E2123F9F2004DDE89 /* Assets.xcassets in Resources */,
				705B3B3C2123F9F0004DDE89 /* Main.storyboard in Resources */,
				705B3B5721241BB3004DDE89 /* thumbnail@2x.png in Resources */,
			);
			runOnlyForDeploymentPostprocessing = 0;
		};
/* End PBXResourcesBuildPhase section */

/* Begin PBXSourcesBuildPhase section */
		705B3B2F2123F9F0004DDE89 /* Sources */ = {
			isa = PBXSourcesBuildPhase;
			buildActionMask = 2147483647;
			files = (
				705B3B392123F9F0004DDE89 /* ViewController.swift in Sources */,
				705B3B372123F9F0004DDE89 /* AppDelegate.swift in Sources */,
			);
			runOnlyForDeploymentPostprocessing = 0;
		};
/* End PBXSourcesBuildPhase section */

/* Begin PBXVariantGroup section */
		705B3B3A2123F9F0004DDE89 /* Main.storyboard */ = {
			isa = PBXVariantGroup;
			children = (
				705B3B3B2123F9F0004DDE89 /* Base */,
			);
			name = Main.storyboard;
			sourceTree = "<group>";
		};
		705B3B3F2123F9F2004DDE89 /* LaunchScreen.storyboard */ = {
			isa = PBXVariantGroup;
			children = (
				705B3B402123F9F2004DDE89 /* Base */,
			);
			name = LaunchScreen.storyboard;
			sourceTree = "<group>";
		};
/* End PBXVariantGroup section */

/* Begin XCBuildConfiguration section */
		705B3B432123F9F2004DDE89 /* Debug */ = {
			isa = XCBuildConfiguration;
			buildSettings = {
				ALWAYS_SEARCH_USER_PATHS = NO;
				CLANG_ANALYZER_NONNULL = YES;
				CLANG_ANALYZER_NUMBER_OBJECT_CONVERSION = YES_AGGRESSIVE;
				CLANG_CXX_LANGUAGE_STANDARD = "gnu++14";
				CLANG_CXX_LIBRARY = "libc++";
				CLANG_ENABLE_MODULES = YES;
				CLANG_ENABLE_OBJC_ARC = YES;
				CLANG_ENABLE_OBJC_WEAK = YES;
				CLANG_WARN_BLOCK_CAPTURE_AUTORELEASING = YES;
				CLANG_WARN_BOOL_CONVERSION = YES;
				CLANG_WARN_COMMA = YES;
				CLANG_WARN_CONSTANT_CONVERSION = YES;
				CLANG_WARN_DEPRECATED_OBJC_IMPLEMENTATIONS = YES;
				CLANG_WARN_DIRECT_OBJC_ISA_USAGE = YES_ERROR;
				CLANG_WARN_DOCUMENTATION_COMMENTS = YES;
				CLANG_WARN_EMPTY_BODY = YES;
				CLANG_WARN_ENUM_CONVERSION = YES;
				CLANG_WARN_INFINITE_RECURSION = YES;
				CLANG_WARN_INT_CONVERSION = YES;
				CLANG_WARN_NON_LITERAL_NULL_CONVERSION = YES;
				CLANG_WARN_OBJC_IMPLICIT_RETAIN_SELF = YES;
				CLANG_WARN_OBJC_LITERAL_CONVERSION = YES;
				CLANG_WARN_OBJC_ROOT_CLASS = YES_ERROR;
				CLANG_WARN_RANGE_LOOP_ANALYSIS = YES;
				CLANG_WARN_STRICT_PROTOTYPES = YES;
				CLANG_WARN_SUSPICIOUS_MOVE = YES;
				CLANG_WARN_UNGUARDED_AVAILABILITY = YES_AGGRESSIVE;
				CLANG_WARN_UNREACHABLE_CODE = YES;
				CLANG_WARN__DUPLICATE_METHOD_MATCH = YES;
				CODE_SIGN_IDENTITY = "iPhone Developer";
				COPY_PHASE_STRIP = NO;
				DEBUG_INFORMATION_FORMAT = dwarf;
				ENABLE_STRICT_OBJC_MSGSEND = YES;
				ENABLE_TESTABILITY = YES;
				GCC_C_LANGUAGE_STANDARD = gnu11;
				GCC_DYNAMIC_NO_PIC = NO;
				GCC_NO_COMMON_BLOCKS = YES;
				GCC_OPTIMIZATION_LEVEL = 0;
				GCC_PREPROCESSOR_DEFINITIONS = (
					"DEBUG=1",
					"$(inherited)",
				);
				GCC_WARN_64_TO_32_BIT_CONVERSION = YES;
				GCC_WARN_ABOUT_RETURN_TYPE = YES_ERROR;
				GCC_WARN_UNDECLARED_SELECTOR = YES;
				GCC_WARN_UNINITIALIZED_AUTOS = YES_AGGRESSIVE;
				GCC_WARN_UNUSED_FUNCTION = YES;
				GCC_WARN_UNUSED_VARIABLE = YES;
				IPHONEOS_DEPLOYMENT_TARGET = 11.3;
				MTL_ENABLE_DEBUG_INFO = YES;
				ONLY_ACTIVE_ARCH = YES;
				SDKROOT = iphoneos;
				SWIFT_ACTIVE_COMPILATION_CONDITIONS = DEBUG;
				SWIFT_OPTIMIZATION_LEVEL = "-Onone";
			};
			name = Debug;
		};
		705B3B442123F9F2004DDE89 /* Release */ = {
			isa = XCBuildConfiguration;
			buildSettings = {
				ALWAYS_SEARCH_USER_PATHS = NO;
				CLANG_ANALYZER_NONNULL = YES;
				CLANG_ANALYZER_NUMBER_OBJECT_CONVERSION = YES_AGGRESSIVE;
				CLANG_CXX_LANGUAGE_STANDARD = "gnu++14";
				CLANG_CXX_LIBRARY = "libc++";
				CLANG_ENABLE_MODULES = YES;
				CLANG_ENABLE_OBJC_ARC = YES;
				CLANG_ENABLE_OBJC_WEAK = YES;
				CLANG_WARN_BLOCK_CAPTURE_AUTORELEASING = YES;
				CLANG_WARN_BOOL_CONVERSION = YES;
				CLANG_WARN_COMMA = YES;
				CLANG_WARN_CONSTANT_CONVERSION = YES;
				CLANG_WARN_DEPRECATED_OBJC_IMPLEMENTATIONS = YES;
				CLANG_WARN_DIRECT_OBJC_ISA_USAGE = YES_ERROR;
				CLANG_WARN_DOCUMENTATION_COMMENTS = YES;
				CLANG_WARN_EMPTY_BODY = YES;
				CLANG_WARN_ENUM_CONVERSION = YES;
				CLANG_WARN_INFINITE_RECURSION = YES;
				CLANG_WARN_INT_CONVERSION = YES;
				CLANG_WARN_NON_LITERAL_NULL_CONVERSION = YES;
				CLANG_WARN_OBJC_IMPLICIT_RETAIN_SELF = YES;
				CLANG_WARN_OBJC_LITERAL_CONVERSION = YES;
				CLANG_WARN_OBJC_ROOT_CLASS = YES_ERROR;
				CLANG_WARN_RANGE_LOOP_ANALYSIS = YES;
				CLANG_WARN_STRICT_PROTOTYPES = YES;
				CLANG_WARN_SUSPICIOUS_MOVE = YES;
				CLANG_WARN_UNGUARDED_AVAILABILITY = YES_AGGRESSIVE;
				CLANG_WARN_UNREACHABLE_CODE = YES;
				CLANG_WARN__DUPLICATE_METHOD_MATCH = YES;
				CODE_SIGN_IDENTITY = "iPhone Developer";
				COPY_PHASE_STRIP = NO;
				DEBUG_INFORMATION_FORMAT = "dwarf-with-dsym";
				ENABLE_NS_ASSERTIONS = NO;
				ENABLE_STRICT_OBJC_MSGSEND = YES;
				GCC_C_LANGUAGE_STANDARD = gnu11;
				GCC_NO_COMMON_BLOCKS = YES;
				GCC_WARN_64_TO_32_BIT_CONVERSION = YES;
				GCC_WARN_ABOUT_RETURN_TYPE = YES_ERROR;
				GCC_WARN_UNDECLARED_SELECTOR = YES;
				GCC_WARN_UNINITIALIZED_AUTOS = YES_AGGRESSIVE;
				GCC_WARN_UNUSED_FUNCTION = YES;
				GCC_WARN_UNUSED_VARIABLE = YES;
				IPHONEOS_DEPLOYMENT_TARGET = 11.3;
				MTL_ENABLE_DEBUG_INFO = NO;
				SDKROOT = iphoneos;
				SWIFT_COMPILATION_MODE = wholemodule;
				SWIFT_OPTIMIZATION_LEVEL = "-O";
				VALIDATE_PRODUCT = YES;
			};
			name = Release;
		};
		705B3B462123F9F2004DDE89 /* Debug */ = {
			isa = XCBuildConfiguration;
			buildSettings = {
				ASSETCATALOG_COMPILER_APPICON_NAME = AppIcon;
				CODE_SIGN_STYLE = Automatic;
				INFOPLIST_FILE = SwiftTest/Info.plist;
				LD_RUNPATH_SEARCH_PATHS = (
					"$(inherited)",
					"@executable_path/Frameworks",
				);
				PRODUCT_BUNDLE_IDENTIFIER = cuilinhao.com.cn.SwiftTest;
				PRODUCT_NAME = "$(TARGET_NAME)";
				SWIFT_VERSION = 4.0;
				TARGETED_DEVICE_FAMILY = "1,2";
			};
			name = Debug;
		};
		705B3B472123F9F2004DDE89 /* Release */ = {
			isa = XCBuildConfiguration;
			buildSettings = {
				ASSETCATALOG_COMPILER_APPICON_NAME = AppIcon;
				CODE_SIGN_STYLE = Automatic;
				INFOPLIST_FILE = SwiftTest/Info.plist;
				LD_RUNPATH_SEARCH_PATHS = (
					"$(inherited)",
					"@executable_path/Frameworks",
				);
				PRODUCT_BUNDLE_IDENTIFIER = cuilinhao.com.cn.SwiftTest;
				PRODUCT_NAME = "$(TARGET_NAME)";
				SWIFT_VERSION = 4.0;
				TARGETED_DEVICE_FAMILY = "1,2";
			};
			name = Release;
		};
/* End XCBuildConfiguration section */

/* Begin XCConfigurationList section */
		705B3B2E2123F9F0004DDE89 /* Build configuration list for PBXProject "SwiftTest" */ = {
			isa = XCConfigurationList;
			buildConfigurations = (
				705B3B432123F9F2004DDE89 /* Debug */,
				705B3B442123F9F2004DDE89 /* Release */,
			);
			defaultConfigurationIsVisible = 0;
			defaultConfigurationName = Release;
		};
		705B3B452123F9F2004DDE89 /* Build configuration list for PBXNativeTarget "SwiftTest" */ = {
			isa = XCConfigurationList;
			buildConfigurations = (
				705B3B462123F9F2004DDE89 /* Debug */,
				705B3B472123F9F2004DDE89 /* Release */,
			);
			defaultConfigurationIsVisible = 0;
			defaultConfigurationName = Release;
		};
/* End XCConfigurationList section */
	};
	rootObject = 705B3B2B2123F9F0004DDE89 /* Project object */;
}
